
Microsoft Visual Studio Solution File, Format Version 12.00
# Visual Studio 15
VisualStudioVersion = 15.0.28307.136
MinimumVisualStudioVersion = 10.0.40219.1
Project("{9A19103F-16F7-4668-BE54-9A1E7A4F7556}") = "PhoneBook.App", "PhoneBook.App\PhoneBook.App.csproj", "{14BEF4FF-1D55-419B-B91F-242068915903}"
EndProject
Project("{FAE04EC0-301F-11D3-BF4B-00C04F79EFBC}") = "PhoneBook.Data", "PhoneBook.Data\PhoneBook.Data.csproj", "{04F15A07-B88A-4DB3-A3A6-3C7FFC9ACE41}"
EndProject
Project("{FAE04EC0-301F-11D3-BF4B-00C04F79EFBC}") = "PhoneBook.Models", "PhoneBook.Models\PhoneBook.Models.csproj", "{23EEFF50-D83F-49A4-9FFB-EAE0ECCD022B}"
EndProject
Global
	GlobalSection(SolutionConfigurationPlatforms) = preSolution
		Debug|Any CPU = Debug|Any CPU
		Release|Any CPU = Release|Any CPU
	EndGlobalSection
	GlobalSection(ProjectConfigurationPlatforms) = postSolution
		{14BEF4FF-1D55-419B-B91F-242068915903}.Debug|Any CPU.ActiveCfg = Debug|Any CPU
		{14BEF4FF-1D55-419B-B91F-242068915903}.Debug|Any CPU.Build.0 = Debug|Any CPU
		{14BEF4FF-1D55-419B-B91F-242068915903}.Release|Any CPU.ActiveCfg = Release|Any CPU
		{14BEF4FF-1D55-419B-B91F-242068915903}.Release|Any CPU.Build.0 = Release|Any CPU
		{04F15A07-B88A-4DB3-A3A6-3C7FFC9ACE41}.Debug|Any CPU.ActiveCfg = Debug|Any CPU
		{04F15A07-B88A-4DB3-A3A6-3C7FFC9ACE41}.Debug|Any CPU.Build.0 = Debug|Any CPU
		{04F15A07-B88A-4DB3-A3A6-3C7FFC9ACE41}.Release|Any CPU.ActiveCfg = Release|Any CPU
		{04F15A07-B88A-4DB3-A3A6-3C7FFC9ACE41}.Release|Any CPU.Build.0 = Release|Any CPU
		{23EEFF50-D83F-49A4-9FFB-EAE0ECCD022B}.Debug|Any CPU.ActiveCfg = Debug|Any CPU
		{23EEFF50-D83F-49A4-9FFB-EAE0ECCD022B}.Debug|Any CPU.Build.0 = Debug|Any CPU
		{23EEFF50-D83F-49A4-9FFB-EAE0ECCD022B}.Release|Any CPU.ActiveCfg = Release|Any CPU
		{23EEFF50-D83F-49A4-9FFB-EAE0ECCD022B}.Release|Any CPU.Build.0 = Release|Any CPU
	EndGlobalSection
	GlobalSection(SolutionProperties) = preSolution
		HideSolutionNode = FALSE
	EndGlobalSection
	GlobalSection(ExtensibilityGlobals) = postSolution
		SolutionGuid = {73F71A34-3121-4472-B626-DC5DE15D6983}
	EndGlobalSection
EndGlobal
